{
  "name": "dimina-build-toolchain",
  "version": "0.0.0",
  "lockfileVersion": 3,
  "requires": true,
  "packages": {
    "": {
      "name": "dimina-build-toolchain",
      "version": "0.0.0",
      "dependencies": {
        "pnpm": "12.2.0"
      }
    },
    "node_modules/@pnpm/exe.darwin-arm64": {
      "version": "12.2.0",
      "resolved": "https://registry.npmjs.org/@pnpm/exe.darwin-arm64/-/exe.darwin-arm64-12.2.0.tgz",
      "integrity": "sha512-x9ptl28DNc8ZXiuuaA0fObUIY3ieZH7uI2ovxH/EE8/GwFn4Wc2ysyGIOHTYEa3A9teKIn9T7J75Sp4TJ5+WOA==",
      "cpu": [
        "arm64"
      ],
      "license": "MIT",
      "optional": true,
      "os": [
        "darwin"
      ]
    },
    "node_modules/@pnpm/exe.darwin-x64": {
      "version": "12.2.0",
      "resolved": "https://registry.npmjs.org/@pnpm/exe.darwin-x64/-/exe.darwin-x64-12.2.0.tgz",
      "integrity": "sha512-GlLm/KclJEj8MJ8xp+i685QSFD0ZlrMtUSB4veiNFP9T1Gf7P0+PToPust7CamAZ4XJJp1/pT038OCExIvlA+g==",
      "cpu": [
        "x64"
      ],
      "license": "MIT",
      "optional": true,
      "os": [
        "darwin"
      ]
    },
    "node_modules/@pnpm/exe.linux-arm64": {
      "version": "12.2.0",
      "resolved": "https://registry.npmjs.org/@pnpm/exe.linux-arm64/-/exe.linux-arm64-12.2.0.tgz",
      "integrity": "sha512-Wd5NtEtHItESeg3Tx6PRUxHT4JaUOkkTUjFRIznILNjSshM9GDVrJTuUd4+CNgjDHf4e1K8RtiQ4ltKQE/4f9Q==",
      "cpu": [
        "arm64"
      ],
      "libc": [
        "glibc"
      ],
      "license": "MIT",
      "optional": true,
      "os": [
        "linux"
      ]
    },
    "node_modules/@pnpm/exe.linux-arm64-musl": {
      "version": "12.2.0",
      "resolved": "https://registry.npmjs.org/@pnpm/exe.linux-arm64-musl/-/exe.linux-arm64-musl-12.2.0.tgz",
      "integrity": "sha512-4es4CStpiJubaTEPwdWCg2Pp+ECqndu9hccJgpa8Bj2abcn2vSrk2aVcwdzYNYnAF+f6ppWXcVnm9Ueqyic6rw==",
      "cpu": [
        "arm64"
      ],
      "libc": [
        "musl"
      ],
      "license": "MIT",
      "optional": true,
      "os": [
        "linux"
      ]
    },
    "node_modules/@pnpm/exe.linux-x64": {
      "version": "12.2.0",
      "resolved": "https://registry.npmjs.org/@pnpm/exe.linux-x64/-/exe.linux-x64-12.2.0.tgz",
      "integrity": "sha512-pM+X6vjlWEguI1ulMwde6aySlNmNA8JRRZBk5SABfApkGP2U8ZZYXdHoS/4UVb4iL18lSJtrrFS1TYbas7NY+Q==",
      "cpu": [
        "x64"
      ],
      "libc": [
        "glibc"
      ],
      "license": "MIT",
      "optional": true,
      "os": [
        "linux"
      ]
    },
    "node_modules/@pnpm/exe.linux-x64-musl": {
      "version": "12.2.0",
      "resolved": "https://registry.npmjs.org/@pnpm/exe.linux-x64-musl/-/exe.linux-x64-musl-12.2.0.tgz",
      "integrity": "sha512-nOFWWFNwGi+lTd7CijieNAivStNYgHVFoZlK1uhyoLFvEp5QYKP6OKnitP4L/OUlpgZbG+fXatp0ML3/yjfZtg==",
      "cpu": [
        "x64"
      ],
      "libc": [
        "musl"
      ],
      "license": "MIT",
      "optional": true,
      "os": [
        "linux"
      ]
    },
    "node_modules/@pnpm/exe.win32-arm64": {
      "version": "12.2.0",
      "resolved": "https://registry.npmjs.org/@pnpm/exe.win32-arm64/-/exe.win32-arm64-12.2.0.tgz",
      "integrity": "sha512-nlra69XLL+u615tGoSm/bmBFwZFU2Hu75MDU1xTzdno2yZ+XU1m9rqjRqQJZMqqIwby//a1TY6FdYZavNEp4zg==",
      "cpu": [
        "arm64"
      ],
      "license": "MIT",
      "optional": true,
      "os": [
        "win32"
      ]
    },
    "node_modules/@pnpm/exe.win32-x64": {
      "version": "12.2.0",
      "resolved": "https://registry.npmjs.org/@pnpm/exe.win32-x64/-/exe.win32-x64-12.2.0.tgz",
      "integrity": "sha512-Vax5lgFBuHZ2R+o7Rp5oNuPfXLZs7Kc6moM5Woj9WShSOJbd2rOqPP89U/aJTMII9r9YPzD2Y/duTbs5FnR68A==",
      "cpu": [
        "x64"
      ],
      "license": "MIT",
      "optional": true,
      "os": [
        "win32"
      ]
    },
    "node_modules/pnpm": {
      "version": "12.2.0",
      "resolved": "https://registry.npmjs.org/pnpm/-/pnpm-12.2.0.tgz",
      "integrity": "sha512-wmssMTlMo4hw92F9wjfcNY020DG+rpo2QK2kgmGdKQycL6MCYsYW0iV0sQHDyV0br+qGh56jzGu/N8KoN7PE1A==",
      "hasInstallScript": true,
      "license": "MIT",
      "bin": {
        "pn": "pn",
        "pnpm": "pnpm.exe",
        "pnpx": "pnpx",
        "pnx": "pnx"
      },
      "engines": {
        "node": ">=18.*"
      },
      "optionalDependencies": {
        "@pnpm/exe.darwin-arm64": "12.2.0",
        "@pnpm/exe.darwin-x64": "12.2.0",
        "@pnpm/exe.linux-arm64": "12.2.0",
        "@pnpm/exe.linux-arm64-musl": "12.2.0",
        "@pnpm/exe.linux-x64": "12.2.0",
        "@pnpm/exe.linux-x64-musl": "12.2.0",
        "@pnpm/exe.win32-arm64": "12.2.0",
        "@pnpm/exe.win32-x64": "12.2.0"
      }
    }
  }
}
